
Microsoft Visual Studio Solution File, Format Version 12.00
# Visual Studio Version 17
VisualStudioVersion = 17.12.35707.178 d17.12
MinimumVisualStudioVersion = 10.0.40219.1
Project("{FAE04EC0-301F-11D3-BF4B-00C04F79EFBC}") = "04_producer_concumer_queue", "04_producer_concumer_queue\04_producer_concumer_queue.csproj", "{27C4CCF5-E67E-4DFB-9953-74FF7DC19EB7}"
EndProject
Project("{FAE04EC0-301F-11D3-BF4B-00C04F79EFBC}") = "PCQueue", "PCQueue\PCQueue.csproj", "{C9EE386B-307C-483C-BD85-0ACF7719D3B0}"
EndProject
Global
	GlobalSection(SolutionConfigurationPlatforms) = preSolution
		Debug|Any CPU = Debug|Any CPU
		Release|Any CPU = Release|Any CPU
	EndGlobalSection
	GlobalSection(ProjectConfigurationPlatforms) = postSolution
		{27C4CCF5-E67E-4DFB-9953-74FF7DC19EB7}.Debug|Any CPU.ActiveCfg = Debug|Any CPU
		{27C4CCF5-E67E-4DFB-9953-74FF7DC19EB7}.Debug|Any CPU.Build.0 = Debug|Any CPU
		{27C4CCF5-E67E-4DFB-9953-74FF7DC19EB7}.Release|Any CPU.ActiveCfg = Release|Any CPU
		{27C4CCF5-E67E-4DFB-9953-74FF7DC19EB7}.Release|Any CPU.Build.0 = Release|Any CPU
		{C9EE386B-307C-483C-BD85-0ACF7719D3B0}.Debug|Any CPU.ActiveCfg = Debug|Any CPU
		{C9EE386B-307C-483C-BD85-0ACF7719D3B0}.Debug|Any CPU.Build.0 = Debug|Any CPU
		{C9EE386B-307C-483C-BD85-0ACF7719D3B0}.Release|Any CPU.ActiveCfg = Release|Any CPU
		{C9EE386B-307C-483C-BD85-0ACF7719D3B0}.Release|Any CPU.Build.0 = Release|Any CPU
	EndGlobalSection
	GlobalSection(SolutionProperties) = preSolution
		HideSolutionNode = FALSE
	EndGlobalSection
EndGlobal
